
Microsoft Visual Studio Solution File, Format Version 12.00
# Visual Studio 15
VisualStudioVersion = 15.0.27703.2035
MinimumVisualStudioVersion = 10.0.40219.1
Project("{9A19103F-16F7-4668-BE54-9A1E7A4F7556}") = "ReceipeAPIM", "ReceipeAPIM\ReceipeAPIM.csproj", "{3203B129-8EC6-4AFC-B5F5-A62E6A751CB9}"
EndProject
Project("{E53339B2-1760-4266-BCC7-CA923CBCF16C}") = "docker-compose", "docker-compose.dcproj", "{7090B237-C9B5-4FBA-A85F-42E0BE58A597}"
EndProject
Global
	GlobalSection(SolutionConfigurationPlatforms) = preSolution
		Debug|Any CPU = Debug|Any CPU
		Release|Any CPU = Release|Any CPU
	EndGlobalSection
	GlobalSection(ProjectConfigurationPlatforms) = postSolution
		{3203B129-8EC6-4AFC-B5F5-A62E6A751CB9}.Debug|Any CPU.ActiveCfg = Debug|Any CPU
		{3203B129-8EC6-4AFC-B5F5-A62E6A751CB9}.Debug|Any CPU.Build.0 = Debug|Any CPU
		{3203B129-8EC6-4AFC-B5F5-A62E6A751CB9}.Release|Any CPU.ActiveCfg = Release|Any CPU
		{3203B129-8EC6-4AFC-B5F5-A62E6A751CB9}.Release|Any CPU.Build.0 = Release|Any CPU
		{7090B237-C9B5-4FBA-A85F-42E0BE58A597}.Debug|Any CPU.ActiveCfg = Debug|Any CPU
		{7090B237-C9B5-4FBA-A85F-42E0BE58A597}.Debug|Any CPU.Build.0 = Debug|Any CPU
		{7090B237-C9B5-4FBA-A85F-42E0BE58A597}.Release|Any CPU.ActiveCfg = Release|Any CPU
		{7090B237-C9B5-4FBA-A85F-42E0BE58A597}.Release|Any CPU.Build.0 = Release|Any CPU
	EndGlobalSection
	GlobalSection(SolutionProperties) = preSolution
		HideSolutionNode = FALSE
	EndGlobalSection
	GlobalSection(ExtensibilityGlobals) = postSolution
		SolutionGuid = {A576BAFE-CBAD-41DE-AF6A-936C9B6DB459}
	EndGlobalSection
EndGlobal
